
Microsoft Visual Studio Solution File, Format Version 11.00
# Visual Studio 2010
Project("{FAE04EC0-301F-11D3-BF4B-00C04F79EFBC}") = "UiTestBed", "UiTestBed\UiTestBed\UiTestBed.csproj", "{649DE040-99C6-4838-ADA3-533D0DBD4325}"
EndProject
Project("{FAE04EC0-301F-11D3-BF4B-00C04F79EFBC}") = "UiTestBedContent", "UiTestBed\UiTestBedContent\UiTestBedContent.contentproj", "{64B23BEF-DD26-4B81-AAA6-D9F46B0140B4}"
EndProject
Project("{FAE04EC0-301F-11D3-BF4B-00C04F79EFBC}") = "FrbUi", "..\FrbUi\FrbUi.csproj", "{7235175C-356E-4756-9D68-5889ABC79A24}"
EndProject
Global
	GlobalSection(SolutionConfigurationPlatforms) = preSolution
		Debug Docs|Any CPU = Debug Docs|Any CPU
		Debug Docs|Mixed Platforms = Debug Docs|Mixed Platforms
		Debug Docs|x86 = Debug Docs|x86
		Debug|Any CPU = Debug|Any CPU
		Debug|Mixed Platforms = Debug|Mixed Platforms
		Debug|x86 = Debug|x86
		DebugProfile|Any CPU = DebugProfile|Any CPU
		DebugProfile|Mixed Platforms = DebugProfile|Mixed Platforms
		DebugProfile|x86 = DebugProfile|x86
		Profile|Any CPU = Profile|Any CPU
		Profile|Mixed Platforms = Profile|Mixed Platforms
		Profile|x86 = Profile|x86
		Release|Any CPU = Release|Any CPU
		Release|Mixed Platforms = Release|Mixed Platforms
		Release|x86 = Release|x86
		Submission Phone|Any CPU = Submission Phone|Any CPU
		Submission Phone|Mixed Platforms = Submission Phone|Mixed Platforms
		Submission Phone|x86 = Submission Phone|x86
		Submission|Any CPU = Submission|Any CPU
		Submission|Mixed Platforms = Submission|Mixed Platforms
		Submission|x86 = Submission|x86
		UnitTests|Any CPU = UnitTests|Any CPU
		UnitTests|Mixed Platforms = UnitTests|Mixed Platforms
		UnitTests|x86 = UnitTests|x86
	EndGlobalSection
	GlobalSection(ProjectConfigurationPlatforms) = postSolution
		{649DE040-99C6-4838-ADA3-533D0DBD4325}.Debug Docs|Any CPU.ActiveCfg = Debug|x86
		{649DE040-99C6-4838-ADA3-533D0DBD4325}.Debug Docs|Mixed Platforms.ActiveCfg = Debug|x86
		{649DE040-99C6-4838-ADA3-533D0DBD4325}.Debug Docs|Mixed Platforms.Build.0 = Debug|x86
		{649DE040-99C6-4838-ADA3-533D0DBD4325}.Debug Docs|x86.ActiveCfg = Debug|x86
		{649DE040-99C6-4838-ADA3-533D0DBD4325}.Debug Docs|x86.Build.0 = Debug|x86
		{649DE040-99C6-4838-ADA3-533D0DBD4325}.Debug|Any CPU.ActiveCfg = Debug|x86
		{649DE040-99C6-4838-ADA3-533D0DBD4325}.Debug|Mixed Platforms.ActiveCfg = Debug|x86
		{649DE040-99C6-4838-ADA3-533D0DBD4325}.Debug|Mixed Platforms.Build.0 = Debug|x86
		{649DE040-99C6-4838-ADA3-533D0DBD4325}.Debug|x86.ActiveCfg = Debug|x86
		{649DE040-99C6-4838-ADA3-533D0DBD4325}.Debug|x86.Build.0 = Debug|x86
		{649DE040-99C6-4838-ADA3-533D0DBD4325}.DebugProfile|Any CPU.ActiveCfg = Debug|x86
		{649DE040-99C6-4838-ADA3-533D0DBD4325}.DebugProfile|Mixed Platforms.ActiveCfg = Debug|x86
		{649DE040-99C6-4838-ADA3-533D0DBD4325}.DebugProfile|Mixed Platforms.Build.0 = Debug|x86
		{649DE040-99C6-4838-ADA3-533D0DBD4325}.DebugProfile|x86.ActiveCfg = Debug|x86
		{649DE040-99C6-4838-ADA3-533D0DBD4325}.DebugProfile|x86.Build.0 = Debug|x86
		{649DE040-99C6-4838-ADA3-533D0DBD4325}.Profile|Any CPU.ActiveCfg = Release|x86
		{649DE040-99C6-4838-ADA3-533D0DBD4325}.Profile|Mixed Platforms.ActiveCfg = Release|x86
		{649DE040-99C6-4838-ADA3-533D0DBD4325}.Profile|Mixed Platforms.Build.0 = Release|x86
		{649DE040-99C6-4838-ADA3-533D0DBD4325}.Profile|x86.ActiveCfg = Release|x86
		{649DE040-99C6-4838-ADA3-533D0DBD4325}.Profile|x86.Build.0 = Release|x86
		{649DE040-99C6-4838-ADA3-533D0DBD4325}.Release|Any CPU.ActiveCfg = Release|x86
		{649DE040-99C6-4838-ADA3-533D0DBD4325}.Release|Mixed Platforms.ActiveCfg = Release|x86
		{649DE040-99C6-4838-ADA3-533D0DBD4325}.Release|Mixed Platforms.Build.0 = Release|x86
		{649DE040-99C6-4838-ADA3-533D0DBD4325}.Release|x86.ActiveCfg = Release|x86
		{649DE040-99C6-4838-ADA3-533D0DBD4325}.Release|x86.Build.0 = Release|x86
		{649DE040-99C6-4838-ADA3-533D0DBD4325}.Submission Phone|Any CPU.ActiveCfg = Release|x86
		{649DE040-99C6-4838-ADA3-533D0DBD4325}.Submission Phone|Mixed Platforms.ActiveCfg = Release|x86
		{649DE040-99C6-4838-ADA3-533D0DBD4325}.Submission Phone|Mixed Platforms.Build.0 = Release|x86
		{649DE040-99C6-4838-ADA3-533D0DBD4325}.Submission Phone|x86.ActiveCfg = Release|x86
		{649DE040-99C6-4838-ADA3-533D0DBD4325}.Submission Phone|x86.Build.0 = Release|x86
		{649DE040-99C6-4838-ADA3-533D0DBD4325}.Submission|Any CPU.ActiveCfg = Release|x86
		{649DE040-99C6-4838-ADA3-533D0DBD4325}.Submission|Mixed Platforms.ActiveCfg = Release|x86
		{649DE040-99C6-4838-ADA3-533D0DBD4325}.Submission|Mixed Platforms.Build.0 = Release|x86
		{649DE040-99C6-4838-ADA3-533D0DBD4325}.Submission|x86.ActiveCfg = Release|x86
		{649DE040-99C6-4838-ADA3-533D0DBD4325}.Submission|x86.Build.0 = Release|x86
		{649DE040-99C6-4838-ADA3-533D0DBD4325}.UnitTests|Any CPU.ActiveCfg = Release|x86
		{649DE040-99C6-4838-ADA3-533D0DBD4325}.UnitTests|Mixed Platforms.ActiveCfg = Release|x86
		{649DE040-99C6-4838-ADA3-533D0DBD4325}.UnitTests|Mixed Platforms.Build.0 = Release|x86
		{649DE040-99C6-4838-ADA3-533D0DBD4325}.UnitTests|x86.ActiveCfg = Release|x86
		{649DE040-99C6-4838-ADA3-533D0DBD4325}.UnitTests|x86.Build.0 = Release|x86
		{64B23BEF-DD26-4B81-AAA6-D9F46B0140B4}.Debug Docs|Any CPU.ActiveCfg = Debug|x86
		{64B23BEF-DD26-4B81-AAA6-D9F46B0140B4}.Debug Docs|Mixed Platforms.ActiveCfg = Debug|x86
		{64B23BEF-DD26-4B81-AAA6-D9F46B0140B4}.Debug Docs|x86.ActiveCfg = Debug|x86
		{64B23BEF-DD26-4B81-AAA6-D9F46B0140B4}.Debug|Any CPU.ActiveCfg = Debug|x86
		{64B23BEF-DD26-4B81-AAA6-D9F46B0140B4}.Debug|Mixed Platforms.ActiveCfg = Debug|x86
		{64B23BEF-DD26-4B81-AAA6-D9F46B0140B4}.Debug|x86.ActiveCfg = Debug|x86
		{64B23BEF-DD26-4B81-AAA6-D9F46B0140B4}.DebugProfile|Any CPU.ActiveCfg = Debug|x86
		{64B23BEF-DD26-4B81-AAA6-D9F46B0140B4}.DebugProfile|Mixed Platforms.ActiveCfg = Debug|x86
		{64B23BEF-DD26-4B81-AAA6-D9F46B0140B4}.DebugProfile|x86.ActiveCfg = Debug|x86
		{64B23BEF-DD26-4B81-AAA6-D9F46B0140B4}.Profile|Any CPU.ActiveCfg = Release|x86
		{64B23BEF-DD26-4B81-AAA6-D9F46B0140B4}.Profile|Mixed Platforms.ActiveCfg = Release|x86
		{64B23BEF-DD26-4B81-AAA6-D9F46B0140B4}.Profile|x86.ActiveCfg = Release|x86
		{64B23BEF-DD26-4B81-AAA6-D9F46B0140B4}.Release|Any CPU.ActiveCfg = Release|x86
		{64B23BEF-DD26-4B81-AAA6-D9F46B0140B4}.Release|Mixed Platforms.ActiveCfg = Release|x86
		{64B23BEF-DD26-4B81-AAA6-D9F46B0140B4}.Release|x86.ActiveCfg = Release|x86
		{64B23BEF-DD26-4B81-AAA6-D9F46B0140B4}.Submission Phone|Any CPU.ActiveCfg = Release|x86
		{64B23BEF-DD26-4B81-AAA6-D9F46B0140B4}.Submission Phone|Mixed Platforms.ActiveCfg = Release|x86
		{64B23BEF-DD26-4B81-AAA6-D9F46B0140B4}.Submission Phone|x86.ActiveCfg = Release|x86
		{64B23BEF-DD26-4B81-AAA6-D9F46B0140B4}.Submission|Any CPU.ActiveCfg = Release|x86
		{64B23BEF-DD26-4B81-AAA6-D9F46B0140B4}.Submission|Mixed Platforms.ActiveCfg = Release|x86
		{64B23BEF-DD26-4B81-AAA6-D9F46B0140B4}.Submission|x86.ActiveCfg = Release|x86
		{64B23BEF-DD26-4B81-AAA6-D9F46B0140B4}.UnitTests|Any CPU.ActiveCfg = Release|x86
		{64B23BEF-DD26-4B81-AAA6-D9F46B0140B4}.UnitTests|Mixed Platforms.ActiveCfg = Release|x86
		{64B23BEF-DD26-4B81-AAA6-D9F46B0140B4}.UnitTests|x86.ActiveCfg = Release|x86
		{7235175C-356E-4756-9D68-5889ABC79A24}.Debug Docs|Any CPU.ActiveCfg = Debug|x86
		{7235175C-356E-4756-9D68-5889ABC79A24}.Debug Docs|Mixed Platforms.ActiveCfg = Debug|x86
		{7235175C-356E-4756-9D68-5889ABC79A24}.Debug Docs|Mixed Platforms.Build.0 = Debug|x86
		{7235175C-356E-4756-9D68-5889ABC79A24}.Debug Docs|x86.ActiveCfg = Debug|x86
		{7235175C-356E-4756-9D68-5889ABC79A24}.Debug Docs|x86.Build.0 = Debug|x86
		{7235175C-356E-4756-9D68-5889ABC79A24}.Debug|Any CPU.ActiveCfg = Debug|Any CPU
		{7235175C-356E-4756-9D68-5889ABC79A24}.Debug|Any CPU.Build.0 = Debug|Any CPU
		{7235175C-356E-4756-9D68-5889ABC79A24}.Debug|Mixed Platforms.ActiveCfg = Debug|x86
		{7235175C-356E-4756-9D68-5889ABC79A24}.Debug|Mixed Platforms.Build.0 = Debug|x86
		{7235175C-356E-4756-9D68-5889ABC79A24}.Debug|x86.ActiveCfg = Debug|Any CPU
		{7235175C-356E-4756-9D68-5889ABC79A24}.DebugProfile|Any CPU.ActiveCfg = Debug|Any CPU
		{7235175C-356E-4756-9D68-5889ABC79A24}.DebugProfile|Any CPU.Build.0 = Debug|Any CPU
		{7235175C-356E-4756-9D68-5889ABC79A24}.DebugProfile|Mixed Platforms.ActiveCfg = Debug|Any CPU
		{7235175C-356E-4756-9D68-5889ABC79A24}.DebugProfile|Mixed Platforms.Build.0 = Debug|Any CPU
		{7235175C-356E-4756-9D68-5889ABC79A24}.DebugProfile|x86.ActiveCfg = Debug|Any CPU
		{7235175C-356E-4756-9D68-5889ABC79A24}.Profile|Any CPU.ActiveCfg = Release|Any CPU
		{7235175C-356E-4756-9D68-5889ABC79A24}.Profile|Any CPU.Build.0 = Release|Any CPU
		{7235175C-356E-4756-9D68-5889ABC79A24}.Profile|Mixed Platforms.ActiveCfg = Release|Any CPU
		{7235175C-356E-4756-9D68-5889ABC79A24}.Profile|Mixed Platforms.Build.0 = Release|Any CPU
		{7235175C-356E-4756-9D68-5889ABC79A24}.Profile|x86.ActiveCfg = Release|Any CPU
		{7235175C-356E-4756-9D68-5889ABC79A24}.Release|Any CPU.ActiveCfg = Release|Any CPU
		{7235175C-356E-4756-9D68-5889ABC79A24}.Release|Any CPU.Build.0 = Release|Any CPU
		{7235175C-356E-4756-9D68-5889ABC79A24}.Release|Mixed Platforms.ActiveCfg = Release|Any CPU
		{7235175C-356E-4756-9D68-5889ABC79A24}.Release|Mixed Platforms.Build.0 = Release|Any CPU
		{7235175C-356E-4756-9D68-5889ABC79A24}.Release|x86.ActiveCfg = Release|Any CPU
		{7235175C-356E-4756-9D68-5889ABC79A24}.Submission Phone|Any CPU.ActiveCfg = Release|x86
		{7235175C-356E-4756-9D68-5889ABC79A24}.Submission Phone|Mixed Platforms.ActiveCfg = Release|x86
		{7235175C-356E-4756-9D68-5889ABC79A24}.Submission Phone|Mixed Platforms.Build.0 = Release|x86
		{7235175C-356E-4756-9D68-5889ABC79A24}.Submission Phone|x86.ActiveCfg = Release|x86
		{7235175C-356E-4756-9D68-5889ABC79A24}.Submission Phone|x86.Build.0 = Release|x86
		{7235175C-356E-4756-9D68-5889ABC79A24}.Submission|Any CPU.ActiveCfg = Release|x86
		{7235175C-356E-4756-9D68-5889ABC79A24}.Submission|Mixed Platforms.ActiveCfg = Release|x86
		{7235175C-356E-4756-9D68-5889ABC79A24}.Submission|Mixed Platforms.Build.0 = Release|x86
		{7235175C-356E-4756-9D68-5889ABC79A24}.Submission|x86.ActiveCfg = Release|x86
		{7235175C-356E-4756-9D68-5889ABC79A24}.Submission|x86.Build.0 = Release|x86
		{7235175C-356E-4756-9D68-5889ABC79A24}.UnitTests|Any CPU.ActiveCfg = Release|x86
		{7235175C-356E-4756-9D68-5889ABC79A24}.UnitTests|Mixed Platforms.ActiveCfg = Release|x86
		{7235175C-356E-4756-9D68-5889ABC79A24}.UnitTests|Mixed Platforms.Build.0 = Release|x86
		{7235175C-356E-4756-9D68-5889ABC79A24}.UnitTests|x86.ActiveCfg = Release|x86
		{7235175C-356E-4756-9D68-5889ABC79A24}.UnitTests|x86.Build.0 = Release|x86
	EndGlobalSection
	GlobalSection(SolutionProperties) = preSolution
		HideSolutionNode = FALSE
	EndGlobalSection
EndGlobal
